PODS:
  - Flutter (1.0.0)
  - integration_test (0.0.1):
    - Flutter
  - tiktok_events_sdk (0.0.1):
    - Flutter
    - TikTokBusinessSDK (~> 1.5.1)
  - TikTokBusinessSDK (1.5.1)

DEPENDENCIES:
  - Flutter (from `Flutter`)
  - integration_test (from `.symlinks/plugins/integration_test/ios`)
  - tiktok_events_sdk (from `.symlinks/plugins/tiktok_events_sdk/ios`)
  - TikTokBusinessSDK

SPEC REPOS:
  trunk:
    - TikTokBusinessSDK

EXTERNAL SOURCES:
  Flutter:
    :path: Flutter
  integration_test:
    :path: ".symlinks/plugins/integration_test/ios"
  tiktok_events_sdk:
    :path: ".symlinks/plugins/tiktok_events_sdk/ios"

SPEC CHECKSUMS:
  Flutter: e0871f40cf51350855a761d2e70bf5af5b9b5de7
  integration_test: 4a889634ef21a45d28d50d622cf412dc6d9f586e
  tiktok_events_sdk: 861aaded1d7cc4ff4dd1be2e319e68f0598426f5
  TikTokBusinessSDK: 6b59d8a69ee23fa714831e8c6f47c34831abc60b

PODFILE CHECKSUM: 6ef1d6e62fb05449908e0f7205a495ceab25a55c

COCOAPODS: 1.16.2
